
Microsoft Visual Studio Solution File, Format Version 12.00
# Visual Studio Version 16
VisualStudioVersion = 16.0.30907.101
MinimumVisualStudioVersion = 10.0.40219.1
Project("{FAE04EC0-301F-11D3-BF4B-00C04F79EFBC}") = "Dictionary", "Dictionary\Dictionary.csproj", "{97088D7A-70DF-4C24-B115-8528F3244488}"
EndProject
Global
	GlobalSection(SolutionConfigurationPlatforms) = preSolution
		Debug|Any CPU = Debug|Any CPU
		Release|Any CPU = Release|Any CPU
	EndGlobalSection
	GlobalSection(ProjectConfigurationPlatforms) = postSolution
		{97088D7A-70DF-4C24-B115-8528F3244488}.Debug|Any CPU.ActiveCfg = Debug|Any CPU
		{97088D7A-70DF-4C24-B115-8528F3244488}.Debug|Any CPU.Build.0 = Debug|Any CPU
		{97088D7A-70DF-4C24-B115-8528F3244488}.Release|Any CPU.ActiveCfg = Release|Any CPU
		{97088D7A-70DF-4C24-B115-8528F3244488}.Release|Any CPU.Build.0 = Release|Any CPU
	EndGlobalSection
	GlobalSection(SolutionProperties) = preSolution
		HideSolutionNode = FALSE
	EndGlobalSection
	GlobalSection(ExtensibilityGlobals) = postSolution
		SolutionGuid = {4F4C33A4-185D-4381-9384-70B7003C4677}
	EndGlobalSection
EndGlobal
